
Microsoft Visual Studio Solution File, Format Version 12.00
# Visual Studio Version 17
VisualStudioVersion = 17.7.34221.43
MinimumVisualStudioVersion = 10.0.40219.1
Project("{9A19103F-16F7-4668-BE54-9A1E7A4F7556}") = "TrackerLibrary", "TrackerLibrary\TrackerLibrary.csproj", "{FB7BA959-A52D-42A1-A4C2-4FF1ADF10732}"
EndProject
Project("{9A19103F-16F7-4668-BE54-9A1E7A4F7556}") = "TrackerIUU", "TrackerIUU\TrackerIUU.csproj", "{386A71DA-BC2C-4E82-812A-0A84338DFCBB}"
EndProject
Global
	GlobalSection(SolutionConfigurationPlatforms) = preSolution
		Debug|Any CPU = Debug|Any CPU
		Release|Any CPU = Release|Any CPU
	EndGlobalSection
	GlobalSection(ProjectConfigurationPlatforms) = postSolution
		{FB7BA959-A52D-42A1-A4C2-4FF1ADF10732}.Debug|Any CPU.ActiveCfg = Debug|Any CPU
		{FB7BA959-A52D-42A1-A4C2-4FF1ADF10732}.Debug|Any CPU.Build.0 = Debug|Any CPU
		{FB7BA959-A52D-42A1-A4C2-4FF1ADF10732}.Release|Any CPU.ActiveCfg = Release|Any CPU
		{FB7BA959-A52D-42A1-A4C2-4FF1ADF10732}.Release|Any CPU.Build.0 = Release|Any CPU
		{386A71DA-BC2C-4E82-812A-0A84338DFCBB}.Debug|Any CPU.ActiveCfg = Debug|Any CPU
		{386A71DA-BC2C-4E82-812A-0A84338DFCBB}.Debug|Any CPU.Build.0 = Debug|Any CPU
		{386A71DA-BC2C-4E82-812A-0A84338DFCBB}.Release|Any CPU.ActiveCfg = Release|Any CPU
		{386A71DA-BC2C-4E82-812A-0A84338DFCBB}.Release|Any CPU.Build.0 = Release|Any CPU
	EndGlobalSection
	GlobalSection(SolutionProperties) = preSolution
		HideSolutionNode = FALSE
	EndGlobalSection
	GlobalSection(ExtensibilityGlobals) = postSolution
		SolutionGuid = {98E91692-F601-4BFF-B518-E79A044E89A6}
	EndGlobalSection
EndGlobal
